# THIS IS AN AUTOGENERATED FILE. DO NOT EDIT THIS FILE DIRECTLY.
# yarn lockfile v1


acorn@^1.0.3:
  version "1.2.2"
  resolved "https://registry.yarnpkg.com/acorn/-/acorn-1.2.2.tgz#c8ce27de0acc76d896d2b1fad3df588d9e82f014"

amdefine@>=0.0.4:
  version "1.0.1"
  resolved "https://registry.yarnpkg.com/amdefine/-/amdefine-1.0.1.tgz#4a5282ac164729e93619bcfd3ad151f817ce91f5"

ast-types@0.8.15:
  version "0.8.15"
  resolved "https://registry.yarnpkg.com/ast-types/-/ast-types-0.8.15.tgz#8eef0827f04dff0ec8857ba925abe3fea6194e52"

base-64@^0.1.0:
  version "0.1.0"
  resolved "https://registry.yarnpkg.com/base-64/-/base-64-0.1.0.tgz#780a99c84e7d600260361511c4877613bf24f6bb"

base62@0.1.1:
  version "0.1.1"
  resolved "https://registry.yarnpkg.com/base62/-/base62-0.1.1.tgz#7b4174c2f94449753b11c2651c083da841a7b084"

buffer-shims@^1.0.0:
  version "1.0.0"
  resolved "https://registry.yarnpkg.com/buffer-shims/-/buffer-shims-1.0.0.tgz#9978ce317388c649ad8793028c3477ef044a8b51"

classnames@^2.2.5:
  version "2.2.5"
  resolved "https://registry.yarnpkg.com/classnames/-/classnames-2.2.5.tgz#fb3801d453467649ef3603c7d61a02bd129bde6d"

concat-stream@^1.4.7:
  version "1.6.0"
  resolved "https://registry.yarnpkg.com/concat-stream/-/concat-stream-1.6.0.tgz#0aac662fd52be78964d5532f694784e70110acf7"
  dependencies:
    inherits "^2.0.3"
    readable-stream "^2.2.2"
    typedarray "^0.0.6"

core-util-is@~1.0.0:
  version "1.0.2"
  resolved "https://registry.yarnpkg.com/core-util-is/-/core-util-is-1.0.2.tgz#b5fd54220aa2bc5ab57aab7140c940754503c1a7"

cross-spawn@^5.0.1:
  version "5.0.1"
  resolved "https://registry.yarnpkg.com/cross-spawn/-/cross-spawn-5.0.1.tgz#a3bbb302db2297cbea3c04edf36941f4613aa399"
  dependencies:
    lru-cache "^4.0.1"
    shebang-command "^1.2.0"
    which "^1.2.9"

es3ify@^0.1.3:
  version "0.1.4"
  resolved "https://registry.yarnpkg.com/es3ify/-/es3ify-0.1.4.tgz#ad9fa5df1ae34f3f31e1211b5818b2d51078dfd1"
  dependencies:
    esprima-fb "~3001.0001.0000-dev-harmony-fb"
    jstransform "~3.0.0"
    through "~2.3.4"

eslint-config-airbnb-base@^10.0.0:
  version "10.0.1"
  resolved "https://registry.yarnpkg.com/eslint-config-airbnb-base/-/eslint-config-airbnb-base-10.0.1.tgz#f17d4e52992c1d45d1b7713efbcd5ecd0e7e0506"

eslint-config-airbnb@^13.0.0:
  version "13.0.0"
  resolved "https://registry.yarnpkg.com/eslint-config-airbnb/-/eslint-config-airbnb-13.0.0.tgz#688d15d3c276c0c753ae538c92a44397d76ae46e"
  dependencies:
    eslint-config-airbnb-base "^10.0.0"

esmangle-evaluator@^1.0.0:
  version "1.0.1"
  resolved "https://registry.yarnpkg.com/esmangle-evaluator/-/esmangle-evaluator-1.0.1.tgz#620d866ef4861b3311f75766d52a8572bb3c6336"

esprima-fb@~15001.1001.0-dev-harmony-fb:
  version "15001.1001.0-dev-harmony-fb"
  resolved "https://registry.yarnpkg.com/esprima-fb/-/esprima-fb-15001.1001.0-dev-harmony-fb.tgz#43beb57ec26e8cf237d3dd8b33e42533577f2659"

esprima-fb@~3001.0001.0000-dev-harmony-fb, esprima-fb@~3001.1.0-dev-harmony-fb:
  version "3001.1.0-dev-harmony-fb"
  resolved "https://registry.yarnpkg.com/esprima-fb/-/esprima-fb-3001.0001.0000-dev-harmony-fb.tgz#b77d37abcd38ea0b77426bb8bc2922ce6b426411"

falafel@^1.0.1:
  version "1.2.0"
  resolved "https://registry.yarnpkg.com/falafel/-/falafel-1.2.0.tgz#c18d24ef5091174a497f318cd24b026a25cddab4"
  dependencies:
    acorn "^1.0.3"
    foreach "^2.0.5"
    isarray "0.0.1"
    object-keys "^1.0.6"

foreach@^2.0.5:
  version "2.0.5"
  resolved "https://registry.yarnpkg.com/foreach/-/foreach-2.0.5.tgz#0bee005018aeb260d0a3af3ae658dd0136ec1b99"

immediate@~3.0.5:
  version "3.0.6"
  resolved "https://registry.yarnpkg.com/immediate/-/immediate-3.0.6.tgz#9db1dbd0faf8de6fbe0f5dd5e56bb606280de69b"

inherits@^2.0.3, inherits@~2.0.1:
  version "2.0.3"
  resolved "https://registry.yarnpkg.com/inherits/-/inherits-2.0.3.tgz#633c2c83e3da42a502f52466022480f4208261de"

inline-process-browser@^1.0.0:
  version "1.0.0"
  resolved "https://registry.yarnpkg.com/inline-process-browser/-/inline-process-browser-1.0.0.tgz#46a61b153dd3c9b1624b1a00626edb4f7f414f22"
  dependencies:
    falafel "^1.0.1"
    through2 "^0.6.5"

isarray@0.0.1:
  version "0.0.1"
  resolved "https://registry.yarnpkg.com/isarray/-/isarray-0.0.1.tgz#8a18acfca9a8f4177e09abfc6038939b05d1eedf"

isarray@~1.0.0:
  version "1.0.0"
  resolved "https://registry.yarnpkg.com/isarray/-/isarray-1.0.0.tgz#bb935d48582cba168c06834957a54a3e07124f11"

isexe@^1.1.1:
  version "1.1.2"
  resolved "https://registry.yarnpkg.com/isexe/-/isexe-1.1.2.tgz#36f3e22e60750920f5e7241a476a8c6a42275ad0"

jstransform@~3.0.0:
  version "3.0.0"
  resolved "https://registry.yarnpkg.com/jstransform/-/jstransform-3.0.0.tgz#a2591ab6cee8d97bf3be830dbfa2313b87cd640b"
  dependencies:
    base62 "0.1.1"
    esprima-fb "~3001.1.0-dev-harmony-fb"
    source-map "0.1.31"

keymaster@rakannimer/keymaster:
  version "1.6.2"
  resolved "https://codeload.github.com/rakannimer/keymaster/tar.gz/99ed6b7629bd76af6628c9faf901fef3e9e43957"

lie@3.0.2:
  version "3.0.2"
  resolved "https://registry.yarnpkg.com/lie/-/lie-3.0.2.tgz#ffda21d7bba26f377cad865d3649b2fc8ce39fea"
  dependencies:
    es3ify "^0.1.3"
    immediate "~3.0.5"
    inline-process-browser "^1.0.0"
    unreachable-branch-transform "^0.3.0"

localforage@^1.4.3:
  version "1.4.3"
  resolved "https://registry.yarnpkg.com/localforage/-/localforage-1.4.3.tgz#a212543c39c7c76424edd12bf474c489aaca494c"
  dependencies:
    lie "3.0.2"

lru-cache@^4.0.1:
  version "4.0.2"
  resolved "https://registry.yarnpkg.com/lru-cache/-/lru-cache-4.0.2.tgz#1d17679c069cda5d040991a09dbc2c0db377e55e"
  dependencies:
    pseudomap "^1.0.1"
    yallist "^2.0.0"

midi-file-parser@^1.0.0:
  version "1.0.0"
  resolved "https://registry.yarnpkg.com/midi-file-parser/-/midi-file-parser-1.0.0.tgz#175a013f277e9d26acf94cfe6c03b13abb0a1e9e"

object-keys@^1.0.6:
  version "1.0.11"
  resolved "https://registry.yarnpkg.com/object-keys/-/object-keys-1.0.11.tgz#c54601778ad560f1142ce0e01bcca8b56d13426d"

os-shim@^0.1.2:
  version "0.1.3"
  resolved "https://registry.yarnpkg.com/os-shim/-/os-shim-0.1.3.tgz#6b62c3791cf7909ea35ed46e17658bb417cb3917"

pre-commit@^1.2.2:
  version "1.2.2"
  resolved "https://registry.yarnpkg.com/pre-commit/-/pre-commit-1.2.2.tgz#dbcee0ee9de7235e57f79c56d7ce94641a69eec6"
  dependencies:
    cross-spawn "^5.0.1"
    spawn-sync "^1.0.15"
    which "1.2.x"

private@~0.1.5:
  version "0.1.6"
  resolved "https://registry.yarnpkg.com/private/-/private-0.1.6.tgz#55c6a976d0f9bafb9924851350fe47b9b5fbb7c1"

process-nextick-args@~1.0.6:
  version "1.0.7"
  resolved "https://registry.yarnpkg.com/process-nextick-args/-/process-nextick-args-1.0.7.tgz#150e20b756590ad3f91093f25a4f2ad8bff30ba3"

pseudomap@^1.0.1:
  version "1.0.2"
  resolved "https://registry.yarnpkg.com/pseudomap/-/pseudomap-1.0.2.tgz#f052a28da70e618917ef0a8ac34c1ae5a68286b3"

react-keymaster@^0.1.0:
  version "0.1.0"
  resolved "https://registry.yarnpkg.com/react-keymaster/-/react-keymaster-0.1.0.tgz#8c6c26ac6ecf991f28a820140dc371233529b8dc"
  dependencies:
    keymaster rakannimer/keymaster

"readable-stream@>=1.0.33-1 <1.1.0-0":
  version "1.0.34"
  resolved "https://registry.yarnpkg.com/readable-stream/-/readable-stream-1.0.34.tgz#125820e34bc842d2f2aaafafe4c2916ee32c157c"
  dependencies:
    core-util-is "~1.0.0"
    inherits "~2.0.1"
    isarray "0.0.1"
    string_decoder "~0.10.x"

readable-stream@^2.2.2:
  version "2.2.2"
  resolved "https://registry.yarnpkg.com/readable-stream/-/readable-stream-2.2.2.tgz#a9e6fec3c7dda85f8bb1b3ba7028604556fc825e"
  dependencies:
    buffer-shims "^1.0.0"
    core-util-is "~1.0.0"
    inherits "~2.0.1"
    isarray "~1.0.0"
    process-nextick-args "~1.0.6"
    string_decoder "~0.10.x"
    util-deprecate "~1.0.1"

recast@^0.10.1:
  version "0.10.43"
  resolved "https://registry.yarnpkg.com/recast/-/recast-0.10.43.tgz#b95d50f6d60761a5f6252e15d80678168491ce7f"
  dependencies:
    ast-types "0.8.15"
    esprima-fb "~15001.1001.0-dev-harmony-fb"
    private "~0.1.5"
    source-map "~0.5.0"

shebang-command@^1.2.0:
  version "1.2.0"
  resolved "https://registry.yarnpkg.com/shebang-command/-/shebang-command-1.2.0.tgz#44aac65b695b03398968c39f363fee5deafdf1ea"
  dependencies:
    shebang-regex "^1.0.0"

shebang-regex@^1.0.0:
  version "1.0.0"
  resolved "https://registry.yarnpkg.com/shebang-regex/-/shebang-regex-1.0.0.tgz#da42f49740c0b42db2ca9728571cb190c98efea3"

source-map@0.1.31:
  version "0.1.31"
  resolved "https://registry.yarnpkg.com/source-map/-/source-map-0.1.31.tgz#9f704d0d69d9e138a81badf6ebb4fde33d151c61"
  dependencies:
    amdefine ">=0.0.4"

source-map@~0.5.0:
  version "0.5.6"
  resolved "https://registry.yarnpkg.com/source-map/-/source-map-0.5.6.tgz#75ce38f52bf0733c5a7f0c118d81334a2bb5f412"

spawn-sync@^1.0.15:
  version "1.0.15"
  resolved "https://registry.yarnpkg.com/spawn-sync/-/spawn-sync-1.0.15.tgz#b00799557eb7fb0c8376c29d44e8a1ea67e57476"
  dependencies:
    concat-stream "^1.4.7"
    os-shim "^0.1.2"

string_decoder@~0.10.x:
  version "0.10.31"
  resolved "https://registry.yarnpkg.com/string_decoder/-/string_decoder-0.10.31.tgz#62e203bc41766c6c28c9fc84301dab1c5310fa94"

through2@^0.6.2, through2@^0.6.5:
  version "0.6.5"
  resolved "https://registry.yarnpkg.com/through2/-/through2-0.6.5.tgz#41ab9c67b29d57209071410e1d7a7a968cd3ad48"
  dependencies:
    readable-stream ">=1.0.33-1 <1.1.0-0"
    xtend ">=4.0.0 <4.1.0-0"

through@~2.3.4:
  version "2.3.8"
  resolved "https://registry.yarnpkg.com/through/-/through-2.3.8.tgz#0dd4c9ffaabc357960b1b724115d7e0e86a2e1f5"

typedarray@^0.0.6:
  version "0.0.6"
  resolved "https://registry.yarnpkg.com/typedarray/-/typedarray-0.0.6.tgz#867ac74e3864187b1d3d47d996a78ec5c8830777"

unreachable-branch-transform@^0.3.0:
  version "0.3.0"
  resolved "https://registry.yarnpkg.com/unreachable-branch-transform/-/unreachable-branch-transform-0.3.0.tgz#d99cc4c6e746d264928845b611db54b0f3474caa"
  dependencies:
    esmangle-evaluator "^1.0.0"
    recast "^0.10.1"
    through2 "^0.6.2"

util-deprecate@~1.0.1:
  version "1.0.2"
  resolved "https://registry.yarnpkg.com/util-deprecate/-/util-deprecate-1.0.2.tgz#450d4dc9fa70de732762fbd2d4a28981419a0ccf"

which@1.2.x, which@^1.2.9:
  version "1.2.12"
  resolved "https://registry.yarnpkg.com/which/-/which-1.2.12.tgz#de67b5e450269f194909ef23ece4ebe416fa1192"
  dependencies:
    isexe "^1.1.1"

"xtend@>=4.0.0 <4.1.0-0":
  version "4.0.1"
  resolved "https://registry.yarnpkg.com/xtend/-/xtend-4.0.1.tgz#a5c6d532be656e23db820efb943a1f04998d63af"

yallist@^2.0.0:
  version "2.0.0"
  resolved "https://registry.yarnpkg.com/yallist/-/yallist-2.0.0.tgz#306c543835f09ee1a4cb23b7bce9ab341c91cdd4"
