# THIS IS AN AUTOGENERATED FILE. DO NOT EDIT THIS FILE DIRECTLY.
# yarn lockfile v1


classnames@^2.2.5:
  version "2.2.5"
  resolved "https://registry.yarnpkg.com/classnames/-/classnames-2.2.5.tgz#fb3801d453467649ef3603c7d61a02bd129bde6d"

midi-file-parser@^1.0.0:
  version "1.0.0"
  resolved "https://registry.yarnpkg.com/midi-file-parser/-/midi-file-parser-1.0.0.tgz#175a013f277e9d26acf94cfe6c03b13abb0a1e9e"
