# THIS IS AN AUTOGENERATED FILE. DO NOT EDIT THIS FILE DIRECTLY.
# yarn lockfile v1


base-64@^0.1.0:
  version "0.1.0"
  resolved "https://registry.yarnpkg.com/base-64/-/base-64-0.1.0.tgz#780a99c84e7d600260361511c4877613bf24f6bb"

classnames@^2.2.5:
  version "2.2.5"
  resolved "https://registry.yarnpkg.com/classnames/-/classnames-2.2.5.tgz#fb3801d453467649ef3603c7d61a02bd129bde6d"

eslint-config-airbnb-base@^10.0.0:
  version "10.0.1"
  resolved "https://registry.yarnpkg.com/eslint-config-airbnb-base/-/eslint-config-airbnb-base-10.0.1.tgz#f17d4e52992c1d45d1b7713efbcd5ecd0e7e0506"

eslint-config-airbnb@^13.0.0:
  version "13.0.0"
  resolved "https://registry.yarnpkg.com/eslint-config-airbnb/-/eslint-config-airbnb-13.0.0.tgz#688d15d3c276c0c753ae538c92a44397d76ae46e"
  dependencies:
    eslint-config-airbnb-base "^10.0.0"

midi-file-parser@^1.0.0:
  version "1.0.0"
  resolved "https://registry.yarnpkg.com/midi-file-parser/-/midi-file-parser-1.0.0.tgz#175a013f277e9d26acf94cfe6c03b13abb0a1e9e"
